
Microsoft Visual Studio Solution File, Format Version 12.00
# Visual Studio Version 16
VisualStudioVersion = 16.0.30907.101
MinimumVisualStudioVersion = 10.0.40219.1
Project("{FAE04EC0-301F-11D3-BF4B-00C04F79EFBC}") = "Workshop4Group8", "Workshop4Group8\Workshop4Group8.csproj", "{19EB7810-56A5-4FD7-B22E-7BC727B98BC5}"
EndProject
Project("{FAE04EC0-301F-11D3-BF4B-00C04F79EFBC}") = "TravelExpertsData", "TravelExpertsData\TravelExpertsData.csproj", "{22349C01-BA33-420F-9515-79A441E52670}"
EndProject
Global
	GlobalSection(SolutionConfigurationPlatforms) = preSolution
		Debug|Any CPU = Debug|Any CPU
		Release|Any CPU = Release|Any CPU
	EndGlobalSection
	GlobalSection(ProjectConfigurationPlatforms) = postSolution
		{19EB7810-56A5-4FD7-B22E-7BC727B98BC5}.Debug|Any CPU.ActiveCfg = Debug|Any CPU
		{19EB7810-56A5-4FD7-B22E-7BC727B98BC5}.Debug|Any CPU.Build.0 = Debug|Any CPU
		{19EB7810-56A5-4FD7-B22E-7BC727B98BC5}.Release|Any CPU.ActiveCfg = Release|Any CPU
		{19EB7810-56A5-4FD7-B22E-7BC727B98BC5}.Release|Any CPU.Build.0 = Release|Any CPU
		{22349C01-BA33-420F-9515-79A441E52670}.Debug|Any CPU.ActiveCfg = Debug|Any CPU
		{22349C01-BA33-420F-9515-79A441E52670}.Debug|Any CPU.Build.0 = Debug|Any CPU
		{22349C01-BA33-420F-9515-79A441E52670}.Release|Any CPU.ActiveCfg = Release|Any CPU
		{22349C01-BA33-420F-9515-79A441E52670}.Release|Any CPU.Build.0 = Release|Any CPU
	EndGlobalSection
	GlobalSection(SolutionProperties) = preSolution
		HideSolutionNode = FALSE
	EndGlobalSection
	GlobalSection(ExtensibilityGlobals) = postSolution
		SolutionGuid = {64AA73ED-203E-482F-87CE-18DDD0945638}
	EndGlobalSection
EndGlobal
